// !$*UTF8*$!
{
	archiveVersion = 1;
	classes = {
	};
	objectVersion = 52;
	objects = {

/* Begin PBXBuildFile section */
		340C1F2726BDAE8700CAECEB /* EyeCriticApp.swift in Sources */ = {isa = PBXBuildFile; fileRef = 340C1F2626BDAE8700CAECEB /* EyeCriticApp.swift */; };
		340C1F2B26BDAE8800CAECEB /* Assets.xcassets in Resources */ = {isa = PBXBuildFile; fileRef = 340C1F2A26BDAE8800CAECEB /* Assets.xcassets */; };
		340C1F2E26BDAE8800CAECEB /* Preview Assets.xcassets in Resources */ = {isa = PBXBuildFile; fileRef = 340C1F2D26BDAE8800CAECEB /* Preview Assets.xcassets */; };
		340C1F3026BDAE8800CAECEB /* Persistence.swift in Sources */ = {isa = PBXBuildFile; fileRef = 340C1F2F26BDAE8800CAECEB /* Persistence.swift */; };
		340C1F3326BDAE8800CAECEB /* EyeCritic.xcdatamodeld in Sources */ = {isa = PBXBuildFile; fileRef = 340C1F3126BDAE8800CAECEB /* EyeCritic.xcdatamodeld */; };
		340C1F3E26BDAE8800CAECEB /* EyeCriticTests.swift in Sources */ = {isa = PBXBuildFile; fileRef = 340C1F3D26BDAE8800CAECEB /* EyeCriticTests.swift */; };
		340C1F4926BDAE8800CAECEB /* EyeCriticUITests.swift in Sources */ = {isa = PBXBuildFile; fileRef = 340C1F4826BDAE8800CAECEB /* EyeCriticUITests.swift */; };
		340C1F6926BDC81600CAECEB /* Alamofire in Frameworks */ = {isa = PBXBuildFile; productRef = 340C1F6826BDC81600CAECEB /* Alamofire */; };
		340C1F6B26BDC93000CAECEB /* ReviewsRepository.swift in Sources */ = {isa = PBXBuildFile; fileRef = 340C1F6A26BDC93000CAECEB /* ReviewsRepository.swift */; };
		340C1F6F26BDCA0300CAECEB /* API.swift in Sources */ = {isa = PBXBuildFile; fileRef = 340C1F6E26BDCA0300CAECEB /* API.swift */; };
		340C1F7526BDCACD00CAECEB /* GetLastReviewsTest.swift in Sources */ = {isa = PBXBuildFile; fileRef = 340C1F7426BDCACD00CAECEB /* GetLastReviewsTest.swift */; };
		340C1F7926BDCD6800CAECEB /* GetLastReviews.swift in Sources */ = {isa = PBXBuildFile; fileRef = 340C1F7826BDCD6800CAECEB /* GetLastReviews.swift */; };
		340C1F7E26BDD90200CAECEB /* Failure.swift in Sources */ = {isa = PBXBuildFile; fileRef = 340C1F7D26BDD90200CAECEB /* Failure.swift */; };
		340C1F8926BDE00600CAECEB /* Review.swift in Sources */ = {isa = PBXBuildFile; fileRef = 340C1F8826BDE00600CAECEB /* Review.swift */; };
		340C1F8B26BDE0B400CAECEB /* ReviewModel.swift in Sources */ = {isa = PBXBuildFile; fileRef = 340C1F8A26BDE0B400CAECEB /* ReviewModel.swift */; };
		340C1F8D26BDE0F800CAECEB /* ApiResult.swift in Sources */ = {isa = PBXBuildFile; fileRef = 340C1F8C26BDE0F800CAECEB /* ApiResult.swift */; };
		340C1F9126BDE2D700CAECEB /* ReviewModelTest.swift in Sources */ = {isa = PBXBuildFile; fileRef = 340C1F9026BDE2D700CAECEB /* ReviewModelTest.swift */; };
		340C1F9426BDE6E700CAECEB /* NetworkInfo.swift in Sources */ = {isa = PBXBuildFile; fileRef = 340C1F9326BDE6E700CAECEB /* NetworkInfo.swift */; };
		340C1F9626BDE7C100CAECEB /* ReviewsRepositoryImpl.swift in Sources */ = {isa = PBXBuildFile; fileRef = 340C1F9526BDE7C100CAECEB /* ReviewsRepositoryImpl.swift */; };
		340C1F9926BDE86200CAECEB /* Data.swift in Sources */ = {isa = PBXBuildFile; fileRef = 340C1F9826BDE86200CAECEB /* Data.swift */; };
		340C1F9B26BDEA2800CAECEB /* ReviewsRemoteDataSource.swift in Sources */ = {isa = PBXBuildFile; fileRef = 340C1F9A26BDEA2800CAECEB /* ReviewsRemoteDataSource.swift */; };
		340C1F9D26BDEB3C00CAECEB /* ReviewsLocalDataSource.swift in Sources */ = {isa = PBXBuildFile; fileRef = 340C1F9C26BDEB3C00CAECEB /* ReviewsLocalDataSource.swift */; };
		340C1FA226BDEC0300CAECEB /* ReviewsRepositoryImplTest.swift in Sources */ = {isa = PBXBuildFile; fileRef = 340C1FA126BDEC0300CAECEB /* ReviewsRepositoryImplTest.swift */; };
		340C1FA426BE2A8200CAECEB /* ReviewsViewModel.swift in Sources */ = {isa = PBXBuildFile; fileRef = 340C1FA326BE2A8200CAECEB /* ReviewsViewModel.swift */; };
		340C1FA626BE2BEC00CAECEB /* ReviewsList.swift in Sources */ = {isa = PBXBuildFile; fileRef = 340C1FA526BE2BEC00CAECEB /* ReviewsList.swift */; };
		3420275426C1A80000B43C05 /* ReviewDetailsSectionHeader.swift in Sources */ = {isa = PBXBuildFile; fileRef = 3420275326C1A80000B43C05 /* ReviewDetailsSectionHeader.swift */; };
		3420275626C1A9FB00B43C05 /* ReviewDetailsViewModel.swift in Sources */ = {isa = PBXBuildFile; fileRef = 3420275526C1A9FB00B43C05 /* ReviewDetailsViewModel.swift */; };
		3420275926C1AF8400B43C05 /* DateFormatters.swift in Sources */ = {isa = PBXBuildFile; fileRef = 3420275826C1AF8400B43C05 /* DateFormatters.swift */; };
		3420275B26C1B4C600B43C05 /* Theme.swift in Sources */ = {isa = PBXBuildFile; fileRef = 3420275A26C1B4C600B43C05 /* Theme.swift */; };
		3420275D26C1B5CD00B43C05 /* ReviewDetailsSection.swift in Sources */ = {isa = PBXBuildFile; fileRef = 3420275C26C1B5CD00B43C05 /* ReviewDetailsSection.swift */; };
		3420275F26C1D6B500B43C05 /* ToggleReviewFavorite.swift in Sources */ = {isa = PBXBuildFile; fileRef = 3420275E26C1D6B500B43C05 /* ToggleReviewFavorite.swift */; };
		3420276126C1DAAC00B43C05 /* FavoriteReviewsScreen.swift in Sources */ = {isa = PBXBuildFile; fileRef = 3420276026C1DAAC00B43C05 /* FavoriteReviewsScreen.swift */; };
		3420276326C1DAE600B43C05 /* FavoriteReviewsViewModel.swift in Sources */ = {isa = PBXBuildFile; fileRef = 3420276226C1DAE600B43C05 /* FavoriteReviewsViewModel.swift */; };
		3420276526C1DB5200B43C05 /* GetFavoriteReviews.swift in Sources */ = {isa = PBXBuildFile; fileRef = 3420276426C1DB5200B43C05 /* GetFavoriteReviews.swift */; };
		3420276726C1DFB700B43C05 /* FloatingAlert.swift in Sources */ = {isa = PBXBuildFile; fileRef = 3420276626C1DFB700B43C05 /* FloatingAlert.swift */; };
		3420276926C1E2AA00B43C05 /* GetReviewFavoriteStatus.swift in Sources */ = {isa = PBXBuildFile; fileRef = 3420276826C1E2AA00B43C05 /* GetReviewFavoriteStatus.swift */; };
		3420276D26C1E5AF00B43C05 /* ReviewDetailsHero.swift in Sources */ = {isa = PBXBuildFile; fileRef = 3420276C26C1E5AF00B43C05 /* ReviewDetailsHero.swift */; };
		3420276F26C1E6D800B43C05 /* ReviewFavoriteUpdateAlert.swift in Sources */ = {isa = PBXBuildFile; fileRef = 3420276E26C1E6D800B43C05 /* ReviewFavoriteUpdateAlert.swift */; };
		3420277126C2043A00B43C05 /* Routes.swift in Sources */ = {isa = PBXBuildFile; fileRef = 3420277026C2043A00B43C05 /* Routes.swift */; };
		342192F626BF73870097FA8A /* ReviewsListItem.swift in Sources */ = {isa = PBXBuildFile; fileRef = 342192F526BF73870097FA8A /* ReviewsListItem.swift */; };
		342192F826BF8A660097FA8A /* ReviewsListItemViewModel.swift in Sources */ = {isa = PBXBuildFile; fileRef = 342192F726BF8A660097FA8A /* ReviewsListItemViewModel.swift */; };
		342192FA26BFA31A0097FA8A /* CircularProgress.swift in Sources */ = {isa = PBXBuildFile; fileRef = 342192F926BFA31A0097FA8A /* CircularProgress.swift */; };
		342192FC26BFACC20097FA8A /* ReviewDetailsScreen.swift in Sources */ = {isa = PBXBuildFile; fileRef = 342192FB26BFACC20097FA8A /* ReviewDetailsScreen.swift */; };
		342DD57826C0498E00F49676 /* ReviewTabView.swift in Sources */ = {isa = PBXBuildFile; fileRef = 342DD57726C0498E00F49676 /* ReviewTabView.swift */; };
		342DD57A26C0589E00F49676 /* SearchReviews.swift in Sources */ = {isa = PBXBuildFile; fileRef = 342DD57926C0589E00F49676 /* SearchReviews.swift */; };
		342DD57C26C0740800F49676 /* SearchReviewsScreen.swift in Sources */ = {isa = PBXBuildFile; fileRef = 342DD57B26C0740800F49676 /* SearchReviewsScreen.swift */; };
		342DD57E26C07F8800F49676 /* SearchReviewsViewModel.swift in Sources */ = {isa = PBXBuildFile; fileRef = 342DD57D26C07F8800F49676 /* SearchReviewsViewModel.swift */; };
		342DD58026C0824000F49676 /* SearchReviewsSearchBar.swift in Sources */ = {isa = PBXBuildFile; fileRef = 342DD57F26C0824000F49676 /* SearchReviewsSearchBar.swift */; };
		348443FB26BEF52400232462 /* Swinject in Frameworks */ = {isa = PBXBuildFile; productRef = 348443FA26BEF52400232462 /* Swinject */; };
		348443FE26BEF58E00232462 /* AppModules.swift in Sources */ = {isa = PBXBuildFile; fileRef = 348443FD26BEF58E00232462 /* AppModules.swift */; };
		3484440026BF099300232462 /* LastReviewsScreen.swift in Sources */ = {isa = PBXBuildFile; fileRef = 348443FF26BF099300232462 /* LastReviewsScreen.swift */; };
		3484440326BF0A7C00232462 /* ReviewsError.swift in Sources */ = {isa = PBXBuildFile; fileRef = 3484440226BF0A7C00232462 /* ReviewsError.swift */; };
		3484440526BF0DE800232462 /* ReviewsLoading.swift in Sources */ = {isa = PBXBuildFile; fileRef = 3484440426BF0DE800232462 /* ReviewsLoading.swift */; };
/* End PBXBuildFile section */

/* Begin PBXContainerItemProxy section */
		340C1F3A26BDAE8800CAECEB /* PBXContainerItemProxy */ = {
			isa = PBXContainerItemProxy;
			containerPortal = 340C1F1B26BDAE8700CAECEB /* Project object */;
			proxyType = 1;
			remoteGlobalIDString = 340C1F2226BDAE8700CAECEB;
			remoteInfo = EyeCritic;
		};
		340C1F4526BDAE8800CAECEB /* PBXContainerItemProxy */ = {
			isa = PBXContainerItemProxy;
			containerPortal = 340C1F1B26BDAE8700CAECEB /* Project object */;
			proxyType = 1;
			remoteGlobalIDString = 340C1F2226BDAE8700CAECEB;
			remoteInfo = EyeCritic;
		};
/* End PBXContainerItemProxy section */

/* Begin PBXFileReference section */
		340C1F2326BDAE8700CAECEB /* EyeCritic.app */ = {isa = PBXFileReference; explicitFileType = wrapper.application; includeInIndex = 0; path = EyeCritic.app; sourceTree = BUILT_PRODUCTS_DIR; };
		340C1F2626BDAE8700CAECEB /* EyeCriticApp.swift */ = {isa = PBXFileReference; lastKnownFileType = sourcecode.swift; path = EyeCriticApp.swift; sourceTree = "<group>"; };
		340C1F2A26BDAE8800CAECEB /* Assets.xcassets */ = {isa = PBXFileReference; lastKnownFileType = folder.assetcatalog; path = Assets.xcassets; sourceTree = "<group>"; };
		340C1F2D26BDAE8800CAECEB /* Preview Assets.xcassets */ = {isa = PBXFileReference; lastKnownFileType = folder.assetcatalog; path = "Preview Assets.xcassets"; sourceTree = "<group>"; };
		340C1F2F26BDAE8800CAECEB /* Persistence.swift */ = {isa = PBXFileReference; lastKnownFileType = sourcecode.swift; path = Persistence.swift; sourceTree = "<group>"; };
		340C1F3226BDAE8800CAECEB /* EyeCritic.xcdatamodel */ = {isa = PBXFileReference; lastKnownFileType = wrapper.xcdatamodel; path = EyeCritic.xcdatamodel; sourceTree = "<group>"; };
		340C1F3426BDAE8800CAECEB /* Info.plist */ = {isa = PBXFileReference; lastKnownFileType = text.plist.xml; path = Info.plist; sourceTree = "<group>"; };
		340C1F3926BDAE8800CAECEB /* EyeCriticTests.xctest */ = {isa = PBXFileReference; explicitFileType = wrapper.cfbundle; includeInIndex = 0; path = EyeCriticTests.xctest; sourceTree = BUILT_PRODUCTS_DIR; };
		340C1F3D26BDAE8800CAECEB /* EyeCriticTests.swift */ = {isa = PBXFileReference; lastKnownFileType = sourcecode.swift; path = EyeCriticTests.swift; sourceTree = "<group>"; };
		340C1F3F26BDAE8800CAECEB /* Info.plist */ = {isa = PBXFileReference; lastKnownFileType = text.plist.xml; path = Info.plist; sourceTree = "<group>"; };
		340C1F4426BDAE8800CAECEB /* EyeCriticUITests.xctest */ = {isa = PBXFileReference; explicitFileType = wrapper.cfbundle; includeInIndex = 0; path = EyeCriticUITests.xctest; sourceTree = BUILT_PRODUCTS_DIR; };
		340C1F4826BDAE8800CAECEB /* EyeCriticUITests.swift */ = {isa = PBXFileReference; lastKnownFileType = sourcecode.swift; path = EyeCriticUITests.swift; sourceTree = "<group>"; };
		340C1F4A26BDAE8800CAECEB /* Info.plist */ = {isa = PBXFileReference; lastKnownFileType = text.plist.xml; path = Info.plist; sourceTree = "<group>"; };
		340C1F6A26BDC93000CAECEB /* ReviewsRepository.swift */ = {isa = PBXFileReference; lastKnownFileType = sourcecode.swift; path = ReviewsRepository.swift; sourceTree = "<group>"; };
		340C1F6E26BDCA0300CAECEB /* API.swift */ = {isa = PBXFileReference; lastKnownFileType = sourcecode.swift; path = API.swift; sourceTree = "<group>"; };
		340C1F7426BDCACD00CAECEB /* GetLastReviewsTest.swift */ = {isa = PBXFileReference; lastKnownFileType = sourcecode.swift; path = GetLastReviewsTest.swift; sourceTree = "<group>"; };
		340C1F7826BDCD6800CAECEB /* GetLastReviews.swift */ = {isa = PBXFileReference; lastKnownFileType = sourcecode.swift; path = GetLastReviews.swift; sourceTree = "<group>"; };
		340C1F7D26BDD90200CAECEB /* Failure.swift */ = {isa = PBXFileReference; lastKnownFileType = sourcecode.swift; path = Failure.swift; sourceTree = "<group>"; };
		340C1F8826BDE00600CAECEB /* Review.swift */ = {isa = PBXFileReference; lastKnownFileType = sourcecode.swift; path = Review.swift; sourceTree = "<group>"; };
		340C1F8A26BDE0B400CAECEB /* ReviewModel.swift */ = {isa = PBXFileReference; lastKnownFileType = sourcecode.swift; path = ReviewModel.swift; sourceTree = "<group>"; };
		340C1F8C26BDE0F800CAECEB /* ApiResult.swift */ = {isa = PBXFileReference; lastKnownFileType = sourcecode.swift; path = ApiResult.swift; sourceTree = "<group>"; };
		340C1F9026BDE2D700CAECEB /* ReviewModelTest.swift */ = {isa = PBXFileReference; lastKnownFileType = sourcecode.swift; path = ReviewModelTest.swift; sourceTree = "<group>"; };
		340C1F9326BDE6E700CAECEB /* NetworkInfo.swift */ = {isa = PBXFileReference; lastKnownFileType = sourcecode.swift; path = NetworkInfo.swift; sourceTree = "<group>"; };
		340C1F9526BDE7C100CAECEB /* ReviewsRepositoryImpl.swift */ = {isa = PBXFileReference; lastKnownFileType = sourcecode.swift; path = ReviewsRepositoryImpl.swift; sourceTree = "<group>"; };
		340C1F9826BDE86200CAECEB /* Data.swift */ = {isa = PBXFileReference; lastKnownFileType = sourcecode.swift; path = Data.swift; sourceTree = "<group>"; };
		340C1F9A26BDEA2800CAECEB /* ReviewsRemoteDataSource.swift */ = {isa = PBXFileReference; lastKnownFileType = sourcecode.swift; path = ReviewsRemoteDataSource.swift; sourceTree = "<group>"; };
		340C1F9C26BDEB3C00CAECEB /* ReviewsLocalDataSource.swift */ = {isa = PBXFileReference; lastKnownFileType = sourcecode.swift; path = ReviewsLocalDataSource.swift; sourceTree = "<group>"; };
		340C1FA126BDEC0300CAECEB /* ReviewsRepositoryImplTest.swift */ = {isa = PBXFileReference; lastKnownFileType = sourcecode.swift; path = ReviewsRepositoryImplTest.swift; sourceTree = "<group>"; };
		340C1FA326BE2A8200CAECEB /* ReviewsViewModel.swift */ = {isa = PBXFileReference; lastKnownFileType = sourcecode.swift; path = ReviewsViewModel.swift; sourceTree = "<group>"; };
		340C1FA526BE2BEC00CAECEB /* ReviewsList.swift */ = {isa = PBXFileReference; lastKnownFileType = sourcecode.swift; path = ReviewsList.swift; sourceTree = "<group>"; };
		3420275326C1A80000B43C05 /* ReviewDetailsSectionHeader.swift */ = {isa = PBXFileReference; lastKnownFileType = sourcecode.swift; path = ReviewDetailsSectionHeader.swift; sourceTree = "<group>"; };
		3420275526C1A9FB00B43C05 /* ReviewDetailsViewModel.swift */ = {isa = PBXFileReference; lastKnownFileType = sourcecode.swift; path = ReviewDetailsViewModel.swift; sourceTree = "<group>"; };
		3420275826C1AF8400B43C05 /* DateFormatters.swift */ = {isa = PBXFileReference; lastKnownFileType = sourcecode.swift; path = DateFormatters.swift; sourceTree = "<group>"; };
		3420275A26C1B4C600B43C05 /* Theme.swift */ = {isa = PBXFileReference; lastKnownFileType = sourcecode.swift; path = Theme.swift; sourceTree = "<group>"; };
		3420275C26C1B5CD00B43C05 /* ReviewDetailsSection.swift */ = {isa = PBXFileReference; lastKnownFileType = sourcecode.swift; path = ReviewDetailsSection.swift; sourceTree = "<group>"; };
		3420275E26C1D6B500B43C05 /* ToggleReviewFavorite.swift */ = {isa = PBXFileReference; lastKnownFileType = sourcecode.swift; path = ToggleReviewFavorite.swift; sourceTree = "<group>"; };
		3420276026C1DAAC00B43C05 /* FavoriteReviewsScreen.swift */ = {isa = PBXFileReference; lastKnownFileType = sourcecode.swift; path = FavoriteReviewsScreen.swift; sourceTree = "<group>"; };
		3420276226C1DAE600B43C05 /* FavoriteReviewsViewModel.swift */ = {isa = PBXFileReference; lastKnownFileType = sourcecode.swift; path = FavoriteReviewsViewModel.swift; sourceTree = "<group>"; };
		3420276426C1DB5200B43C05 /* GetFavoriteReviews.swift */ = {isa = PBXFileReference; lastKnownFileType = sourcecode.swift; path = GetFavoriteReviews.swift; sourceTree = "<group>"; };
		3420276626C1DFB700B43C05 /* FloatingAlert.swift */ = {isa = PBXFileReference; lastKnownFileType = sourcecode.swift; path = FloatingAlert.swift; sourceTree = "<group>"; };
		3420276826C1E2AA00B43C05 /* GetReviewFavoriteStatus.swift */ = {isa = PBXFileReference; lastKnownFileType = sourcecode.swift; path = GetReviewFavoriteStatus.swift; sourceTree = "<group>"; };
		3420276C26C1E5AF00B43C05 /* ReviewDetailsHero.swift */ = {isa = PBXFileReference; lastKnownFileType = sourcecode.swift; path = ReviewDetailsHero.swift; sourceTree = "<group>"; };
		3420276E26C1E6D800B43C05 /* ReviewFavoriteUpdateAlert.swift */ = {isa = PBXFileReference; lastKnownFileType = sourcecode.swift; path = ReviewFavoriteUpdateAlert.swift; sourceTree = "<group>"; };
		3420277026C2043A00B43C05 /* Routes.swift */ = {isa = PBXFileReference; lastKnownFileType = sourcecode.swift; path = Routes.swift; sourceTree = "<group>"; };
		342192F526BF73870097FA8A /* ReviewsListItem.swift */ = {isa = PBXFileReference; lastKnownFileType = sourcecode.swift; path = ReviewsListItem.swift; sourceTree = "<group>"; };
		342192F726BF8A660097FA8A /* ReviewsListItemViewModel.swift */ = {isa = PBXFileReference; lastKnownFileType = sourcecode.swift; path = ReviewsListItemViewModel.swift; sourceTree = "<group>"; };
		342192F926BFA31A0097FA8A /* CircularProgress.swift */ = {isa = PBXFileReference; lastKnownFileType = sourcecode.swift; path = CircularProgress.swift; sourceTree = "<group>"; };
		342192FB26BFACC20097FA8A /* ReviewDetailsScreen.swift */ = {isa = PBXFileReference; lastKnownFileType = sourcecode.swift; path = ReviewDetailsScreen.swift; sourceTree = "<group>"; };
		342DD57726C0498E00F49676 /* ReviewTabView.swift */ = {isa = PBXFileReference; lastKnownFileType = sourcecode.swift; path = ReviewTabView.swift; sourceTree = "<group>"; };
		342DD57926C0589E00F49676 /* SearchReviews.swift */ = {isa = PBXFileReference; lastKnownFileType = sourcecode.swift; path = SearchReviews.swift; sourceTree = "<group>"; };
		342DD57B26C0740800F49676 /* SearchReviewsScreen.swift */ = {isa = PBXFileReference; lastKnownFileType = sourcecode.swift; path = SearchReviewsScreen.swift; sourceTree = "<group>"; };
		342DD57D26C07F8800F49676 /* SearchReviewsViewModel.swift */ = {isa = PBXFileReference; lastKnownFileType = sourcecode.swift; path = SearchReviewsViewModel.swift; sourceTree = "<group>"; };
		342DD57F26C0824000F49676 /* SearchReviewsSearchBar.swift */ = {isa = PBXFileReference; lastKnownFileType = sourcecode.swift; path = SearchReviewsSearchBar.swift; sourceTree = "<group>"; };
		348443FD26BEF58E00232462 /* AppModules.swift */ = {isa = PBXFileReference; lastKnownFileType = sourcecode.swift; path = AppModules.swift; sourceTree = "<group>"; };
		348443FF26BF099300232462 /* LastReviewsScreen.swift */ = {isa = PBXFileReference; lastKnownFileType = sourcecode.swift; path = LastReviewsScreen.swift; sourceTree = "<group>"; };
		3484440226BF0A7C00232462 /* ReviewsError.swift */ = {isa = PBXFileReference; lastKnownFileType = sourcecode.swift; path = ReviewsError.swift; sourceTree = "<group>"; };
		3484440426BF0DE800232462 /* ReviewsLoading.swift */ = {isa = PBXFileReference; lastKnownFileType = sourcecode.swift; path = ReviewsLoading.swift; sourceTree = "<group>"; };
/* End PBXFileReference section */

/* Begin PBXFrameworksBuildPhase section */
		340C1F2026BDAE8700CAECEB /* Frameworks */ = {
			isa = PBXFrameworksBuildPhase;
			buildActionMask = 2147483647;
			files = (
				340C1F6926BDC81600CAECEB /* Alamofire in Frameworks */,
				348443FB26BEF52400232462 /* Swinject in Frameworks */,
			);
			runOnlyForDeploymentPostprocessing = 0;
		};
		340C1F3626BDAE8800CAECEB /* Frameworks */ = {
			isa = PBXFrameworksBuildPhase;
			buildActionMask = 2147483647;
			files = (
			);
			runOnlyForDeploymentPostprocessing = 0;
		};
		340C1F4126BDAE8800CAECEB /* Frameworks */ = {
			isa = PBXFrameworksBuildPhase;
			buildActionMask = 2147483647;
			files = (
			);
			runOnlyForDeploymentPostprocessing = 0;
		};
/* End PBXFrameworksBuildPhase section */

/* Begin PBXGroup section */
		340C1F1A26BDAE8700CAECEB = {
			isa = PBXGroup;
			children = (
				340C1F2526BDAE8700CAECEB /* EyeCritic */,
				340C1F3C26BDAE8800CAECEB /* EyeCriticTests */,
				340C1F4726BDAE8800CAECEB /* EyeCriticUITests */,
				340C1F2426BDAE8700CAECEB /* Products */,
			);
			sourceTree = "<group>";
		};
		340C1F2426BDAE8700CAECEB /* Products */ = {
			isa = PBXGroup;
			children = (
				340C1F2326BDAE8700CAECEB /* EyeCritic.app */,
				340C1F3926BDAE8800CAECEB /* EyeCriticTests.xctest */,
				340C1F4426BDAE8800CAECEB /* EyeCriticUITests.xctest */,
			);
			name = Products;
			sourceTree = "<group>";
		};
		340C1F2526BDAE8700CAECEB /* EyeCritic */ = {
			isa = PBXGroup;
			children = (
				348443FC26BEF58100232462 /* di */,
				340C1F5726BDC1F000CAECEB /* core */,
				340C1F5626BDC1EA00CAECEB /* features */,
				340C1F2626BDAE8700CAECEB /* EyeCriticApp.swift */,
				340C1F2A26BDAE8800CAECEB /* Assets.xcassets */,
				340C1F3426BDAE8800CAECEB /* Info.plist */,
				340C1F2C26BDAE8800CAECEB /* Preview Content */,
			);
			path = EyeCritic;
			sourceTree = "<group>";
		};
		340C1F2C26BDAE8800CAECEB /* Preview Content */ = {
			isa = PBXGroup;
			children = (
				340C1F2D26BDAE8800CAECEB /* Preview Assets.xcassets */,
			);
			path = "Preview Content";
			sourceTree = "<group>";
		};
		340C1F3C26BDAE8800CAECEB /* EyeCriticTests */ = {
			isa = PBXGroup;
			children = (
				340C1F7026BDCA9800CAECEB /* features */,
				340C1F3D26BDAE8800CAECEB /* EyeCriticTests.swift */,
				340C1F3F26BDAE8800CAECEB /* Info.plist */,
			);
			path = EyeCriticTests;
			sourceTree = "<group>";
		};
		340C1F4726BDAE8800CAECEB /* EyeCriticUITests */ = {
			isa = PBXGroup;
			children = (
				340C1F4826BDAE8800CAECEB /* EyeCriticUITests.swift */,
				340C1F4A26BDAE8800CAECEB /* Info.plist */,
			);
			path = EyeCriticUITests;
			sourceTree = "<group>";
		};
		340C1F5626BDC1EA00CAECEB /* features */ = {
			isa = PBXGroup;
			children = (
				340C1F5826BDC20000CAECEB /* reviews */,
			);
			path = features;
			sourceTree = "<group>";
		};
		340C1F5726BDC1F000CAECEB /* core */ = {
			isa = PBXGroup;
			children = (
				340C1F9226BDE6D700CAECEB /* network */,
				340C1F7B26BDD8E300CAECEB /* errors */,
				340C1F6C26BDC9D900CAECEB /* utils */,
				340C1F6626BDC42D00CAECEB /* domain */,
			);
			path = core;
			sourceTree = "<group>";
		};
		340C1F5826BDC20000CAECEB /* reviews */ = {
			isa = PBXGroup;
			children = (
				340C1F5B26BDC21500CAECEB /* presentation */,
				340C1F5A26BDC20F00CAECEB /* domain */,
				340C1F5926BDC20B00CAECEB /* data */,
			);
			path = reviews;
			sourceTree = "<group>";
		};
		340C1F5926BDC20B00CAECEB /* data */ = {
			isa = PBXGroup;
			children = (
				340C1F6426BDC3E400CAECEB /* dataSources */,
				340C1F6326BDC3DA00CAECEB /* models */,
				340C1F6226BDC3D300CAECEB /* repositories */,
			);
			path = data;
			sourceTree = "<group>";
		};
		340C1F5A26BDC20F00CAECEB /* domain */ = {
			isa = PBXGroup;
			children = (
				340C1F6126BDC3C200CAECEB /* repositories */,
				340C1F6026BDC25700CAECEB /* useCases */,
				340C1F5F26BDC24F00CAECEB /* entities */,
			);
			path = domain;
			sourceTree = "<group>";
		};
		340C1F5B26BDC21500CAECEB /* presentation */ = {
			isa = PBXGroup;
			children = (
				340C1F5E26BDC22D00CAECEB /* components */,
				340C1F5D26BDC22700CAECEB /* viewModels */,
				340C1F5C26BDC21B00CAECEB /* screens */,
			);
			path = presentation;
			sourceTree = "<group>";
		};
		340C1F5C26BDC21B00CAECEB /* screens */ = {
			isa = PBXGroup;
			children = (
				348443FF26BF099300232462 /* LastReviewsScreen.swift */,
				342192FB26BFACC20097FA8A /* ReviewDetailsScreen.swift */,
				342DD57726C0498E00F49676 /* ReviewTabView.swift */,
				342DD57B26C0740800F49676 /* SearchReviewsScreen.swift */,
				3420276026C1DAAC00B43C05 /* FavoriteReviewsScreen.swift */,
			);
			path = screens;
			sourceTree = "<group>";
		};
		340C1F5D26BDC22700CAECEB /* viewModels */ = {
			isa = PBXGroup;
			children = (
				340C1FA326BE2A8200CAECEB /* ReviewsViewModel.swift */,
				342192F726BF8A660097FA8A /* ReviewsListItemViewModel.swift */,
				342DD57D26C07F8800F49676 /* SearchReviewsViewModel.swift */,
				3420275526C1A9FB00B43C05 /* ReviewDetailsViewModel.swift */,
				3420276226C1DAE600B43C05 /* FavoriteReviewsViewModel.swift */,
			);
			path = viewModels;
			sourceTree = "<group>";
		};
		340C1F5E26BDC22D00CAECEB /* components */ = {
			isa = PBXGroup;
			children = (
				340C1FA526BE2BEC00CAECEB /* ReviewsList.swift */,
				3484440226BF0A7C00232462 /* ReviewsError.swift */,
				3484440426BF0DE800232462 /* ReviewsLoading.swift */,
				342192F526BF73870097FA8A /* ReviewsListItem.swift */,
				342192F926BFA31A0097FA8A /* CircularProgress.swift */,
				342DD57F26C0824000F49676 /* SearchReviewsSearchBar.swift */,
				3420275326C1A80000B43C05 /* ReviewDetailsSectionHeader.swift */,
				3420275C26C1B5CD00B43C05 /* ReviewDetailsSection.swift */,
				3420276626C1DFB700B43C05 /* FloatingAlert.swift */,
				3420276C26C1E5AF00B43C05 /* ReviewDetailsHero.swift */,
				3420276E26C1E6D800B43C05 /* ReviewFavoriteUpdateAlert.swift */,
			);
			path = components;
			sourceTree = "<group>";
		};
		340C1F5F26BDC24F00CAECEB /* entities */ = {
			isa = PBXGroup;
			children = (
				340C1F3126BDAE8800CAECEB /* EyeCritic.xcdatamodeld */,
				340C1F8826BDE00600CAECEB /* Review.swift */,
			);
			path = entities;
			sourceTree = "<group>";
		};
		340C1F6026BDC25700CAECEB /* useCases */ = {
			isa = PBXGroup;
			children = (
				340C1F7826BDCD6800CAECEB /* GetLastReviews.swift */,
				342DD57926C0589E00F49676 /* SearchReviews.swift */,
				3420275E26C1D6B500B43C05 /* ToggleReviewFavorite.swift */,
				3420276426C1DB5200B43C05 /* GetFavoriteReviews.swift */,
				3420276826C1E2AA00B43C05 /* GetReviewFavoriteStatus.swift */,
			);
			path = useCases;
			sourceTree = "<group>";
		};
		340C1F6126BDC3C200CAECEB /* repositories */ = {
			isa = PBXGroup;
			children = (
				340C1F6A26BDC93000CAECEB /* ReviewsRepository.swift */,
			);
			path = repositories;
			sourceTree = "<group>";
		};
		340C1F6226BDC3D300CAECEB /* repositories */ = {
			isa = PBXGroup;
			children = (
				340C1F9526BDE7C100CAECEB /* ReviewsRepositoryImpl.swift */,
			);
			path = repositories;
			sourceTree = "<group>";
		};
		340C1F6326BDC3DA00CAECEB /* models */ = {
			isa = PBXGroup;
			children = (
				340C1F8A26BDE0B400CAECEB /* ReviewModel.swift */,
				340C1F8C26BDE0F800CAECEB /* ApiResult.swift */,
			);
			path = models;
			sourceTree = "<group>";
		};
		340C1F6426BDC3E400CAECEB /* dataSources */ = {
			isa = PBXGroup;
			children = (
				340C1F9A26BDEA2800CAECEB /* ReviewsRemoteDataSource.swift */,
				340C1F9C26BDEB3C00CAECEB /* ReviewsLocalDataSource.swift */,
			);
			path = dataSources;
			sourceTree = "<group>";
		};
		340C1F6626BDC42D00CAECEB /* domain */ = {
			isa = PBXGroup;
			children = (
				340C1F2F26BDAE8800CAECEB /* Persistence.swift */,
			);
			path = domain;
			sourceTree = "<group>";
		};
		340C1F6C26BDC9D900CAECEB /* utils */ = {
			isa = PBXGroup;
			children = (
				3420275726C1AF7800B43C05 /* formatters */,
				340C1F9726BDE85300CAECEB /* data */,
				340C1F6D26BDC9DF00CAECEB /* constants */,
			);
			path = utils;
			sourceTree = "<group>";
		};
		340C1F6D26BDC9DF00CAECEB /* constants */ = {
			isa = PBXGroup;
			children = (
				340C1F6E26BDCA0300CAECEB /* API.swift */,
				3420275A26C1B4C600B43C05 /* Theme.swift */,
				3420277026C2043A00B43C05 /* Routes.swift */,
			);
			path = constants;
			sourceTree = "<group>";
		};
		340C1F7026BDCA9800CAECEB /* features */ = {
			isa = PBXGroup;
			children = (
				340C1F7126BDCAA000CAECEB /* reviews */,
			);
			path = features;
			sourceTree = "<group>";
		};
		340C1F7126BDCAA000CAECEB /* reviews */ = {
			isa = PBXGroup;
			children = (
				340C1F8E26BDE2BC00CAECEB /* data */,
				340C1F7226BDCAA900CAECEB /* domain */,
			);
			path = reviews;
			sourceTree = "<group>";
		};
		340C1F7226BDCAA900CAECEB /* domain */ = {
			isa = PBXGroup;
			children = (
				340C1F7326BDCAAF00CAECEB /* useCases */,
			);
			path = domain;
			sourceTree = "<group>";
		};
		340C1F7326BDCAAF00CAECEB /* useCases */ = {
			isa = PBXGroup;
			children = (
				340C1F7426BDCACD00CAECEB /* GetLastReviewsTest.swift */,
			);
			path = useCases;
			sourceTree = "<group>";
		};
		340C1F7B26BDD8E300CAECEB /* errors */ = {
			isa = PBXGroup;
			children = (
				340C1F7D26BDD90200CAECEB /* Failure.swift */,
			);
			path = errors;
			sourceTree = "<group>";
		};
		340C1F8E26BDE2BC00CAECEB /* data */ = {
			isa = PBXGroup;
			children = (
				340C1F9E26BDEBCE00CAECEB /* repositories */,
				340C1F8F26BDE2BF00CAECEB /* models */,
			);
			path = data;
			sourceTree = "<group>";
		};
		340C1F8F26BDE2BF00CAECEB /* models */ = {
			isa = PBXGroup;
			children = (
				340C1F9026BDE2D700CAECEB /* ReviewModelTest.swift */,
			);
			path = models;
			sourceTree = "<group>";
		};
		340C1F9226BDE6D700CAECEB /* network */ = {
			isa = PBXGroup;
			children = (
				340C1F9326BDE6E700CAECEB /* NetworkInfo.swift */,
			);
			path = network;
			sourceTree = "<group>";
		};
		340C1F9726BDE85300CAECEB /* data */ = {
			isa = PBXGroup;
			children = (
				340C1F9826BDE86200CAECEB /* Data.swift */,
			);
			path = data;
			sourceTree = "<group>";
		};
		340C1F9E26BDEBCE00CAECEB /* repositories */ = {
			isa = PBXGroup;
			children = (
				340C1FA126BDEC0300CAECEB /* ReviewsRepositoryImplTest.swift */,
			);
			path = repositories;
			sourceTree = "<group>";
		};
		3420275726C1AF7800B43C05 /* formatters */ = {
			isa = PBXGroup;
			children = (
				3420275826C1AF8400B43C05 /* DateFormatters.swift */,
			);
			path = formatters;
			sourceTree = "<group>";
		};
		348443FC26BEF58100232462 /* di */ = {
			isa = PBXGroup;
			children = (
				348443FD26BEF58E00232462 /* AppModules.swift */,
			);
			path = di;
			sourceTree = "<group>";
		};
/* End PBXGroup section */

/* Begin PBXNativeTarget section */
		340C1F2226BDAE8700CAECEB /* EyeCritic */ = {
			isa = PBXNativeTarget;
			buildConfigurationList = 340C1F4D26BDAE8800CAECEB /* Build configuration list for PBXNativeTarget "EyeCritic" */;
			buildPhases = (
				340C1F1F26BDAE8700CAECEB /* Sources */,
				340C1F2026BDAE8700CAECEB /* Frameworks */,
				340C1F2126BDAE8700CAECEB /* Resources */,
			);
			buildRules = (
			);
			dependencies = (
			);
			name = EyeCritic;
			packageProductDependencies = (
				340C1F6826BDC81600CAECEB /* Alamofire */,
				348443FA26BEF52400232462 /* Swinject */,
			);
			productName = EyeCritic;
			productReference = 340C1F2326BDAE8700CAECEB /* EyeCritic.app */;
			productType = "com.apple.product-type.application";
		};
		340C1F3826BDAE8800CAECEB /* EyeCriticTests */ = {
			isa = PBXNativeTarget;
			buildConfigurationList = 340C1F5026BDAE8800CAECEB /* Build configuration list for PBXNativeTarget "EyeCriticTests" */;
			buildPhases = (
				340C1F3526BDAE8800CAECEB /* Sources */,
				340C1F3626BDAE8800CAECEB /* Frameworks */,
				340C1F3726BDAE8800CAECEB /* Resources */,
			);
			buildRules = (
			);
			dependencies = (
				340C1F3B26BDAE8800CAECEB /* PBXTargetDependency */,
			);
			name = EyeCriticTests;
			productName = EyeCriticTests;
			productReference = 340C1F3926BDAE8800CAECEB /* EyeCriticTests.xctest */;
			productType = "com.apple.product-type.bundle.unit-test";
		};
		340C1F4326BDAE8800CAECEB /* EyeCriticUITests */ = {
			isa = PBXNativeTarget;
			buildConfigurationList = 340C1F5326BDAE8800CAECEB /* Build configuration list for PBXNativeTarget "EyeCriticUITests" */;
			buildPhases = (
				340C1F4026BDAE8800CAECEB /* Sources */,
				340C1F4126BDAE8800CAECEB /* Frameworks */,
				340C1F4226BDAE8800CAECEB /* Resources */,
			);
			buildRules = (
			);
			dependencies = (
				340C1F4626BDAE8800CAECEB /* PBXTargetDependency */,
			);
			name = EyeCriticUITests;
			productName = EyeCriticUITests;
			productReference = 340C1F4426BDAE8800CAECEB /* EyeCriticUITests.xctest */;
			productType = "com.apple.product-type.bundle.ui-testing";
		};
/* End PBXNativeTarget section */

/* Begin PBXProject section */
		340C1F1B26BDAE8700CAECEB /* Project object */ = {
			isa = PBXProject;
			attributes = {
				LastSwiftUpdateCheck = 1250;
				LastUpgradeCheck = 1250;
				TargetAttributes = {
					340C1F2226BDAE8700CAECEB = {
						CreatedOnToolsVersion = 12.5.1;
					};
					340C1F3826BDAE8800CAECEB = {
						CreatedOnToolsVersion = 12.5.1;
						TestTargetID = 340C1F2226BDAE8700CAECEB;
					};
					340C1F4326BDAE8800CAECEB = {
						CreatedOnToolsVersion = 12.5.1;
						TestTargetID = 340C1F2226BDAE8700CAECEB;
					};
				};
			};
			buildConfigurationList = 340C1F1E26BDAE8700CAECEB /* Build configuration list for PBXProject "EyeCritic" */;
			compatibilityVersion = "Xcode 9.3";
			developmentRegion = en;
			hasScannedForEncodings = 0;
			knownRegions = (
				en,
				Base,
			);
			mainGroup = 340C1F1A26BDAE8700CAECEB;
			packageReferences = (
				340C1F6726BDC81600CAECEB /* XCRemoteSwiftPackageReference "Alamofire" */,
				348443F926BEF52400232462 /* XCRemoteSwiftPackageReference "Swinject" */,
			);
			productRefGroup = 340C1F2426BDAE8700CAECEB /* Products */;
			projectDirPath = "";
			projectRoot = "";
			targets = (
				340C1F2226BDAE8700CAECEB /* EyeCritic */,
				340C1F3826BDAE8800CAECEB /* EyeCriticTests */,
				340C1F4326BDAE8800CAECEB /* EyeCriticUITests */,
			);
		};
/* End PBXProject section */

/* Begin PBXResourcesBuildPhase section */
		340C1F2126BDAE8700CAECEB /* Resources */ = {
			isa = PBXResourcesBuildPhase;
			buildActionMask = 2147483647;
			files = (
				340C1F2E26BDAE8800CAECEB /* Preview Assets.xcassets in Resources */,
				340C1F2B26BDAE8800CAECEB /* Assets.xcassets in Resources */,
			);
			runOnlyForDeploymentPostprocessing = 0;
		};
		340C1F3726BDAE8800CAECEB /* Resources */ = {
			isa = PBXResourcesBuildPhase;
			buildActionMask = 2147483647;
			files = (
			);
			runOnlyForDeploymentPostprocessing = 0;
		};
		340C1F4226BDAE8800CAECEB /* Resources */ = {
			isa = PBXResourcesBuildPhase;
			buildActionMask = 2147483647;
			files = (
			);
			runOnlyForDeploymentPostprocessing = 0;
		};
/* End PBXResourcesBuildPhase section */

/* Begin PBXSourcesBuildPhase section */
		340C1F1F26BDAE8700CAECEB /* Sources */ = {
			isa = PBXSourcesBuildPhase;
			buildActionMask = 2147483647;
			files = (
				3420276F26C1E6D800B43C05 /* ReviewFavoriteUpdateAlert.swift in Sources */,
				340C1F7E26BDD90200CAECEB /* Failure.swift in Sources */,
				340C1F9B26BDEA2800CAECEB /* ReviewsRemoteDataSource.swift in Sources */,
				3420276D26C1E5AF00B43C05 /* ReviewDetailsHero.swift in Sources */,
				348443FE26BEF58E00232462 /* AppModules.swift in Sources */,
				3484440526BF0DE800232462 /* ReviewsLoading.swift in Sources */,
				3484440026BF099300232462 /* LastReviewsScreen.swift in Sources */,
				342192FC26BFACC20097FA8A /* ReviewDetailsScreen.swift in Sources */,
				340C1F9D26BDEB3C00CAECEB /* ReviewsLocalDataSource.swift in Sources */,
				340C1F3026BDAE8800CAECEB /* Persistence.swift in Sources */,
				340C1F9426BDE6E700CAECEB /* NetworkInfo.swift in Sources */,
				3420275F26C1D6B500B43C05 /* ToggleReviewFavorite.swift in Sources */,
				3420276726C1DFB700B43C05 /* FloatingAlert.swift in Sources */,
				3420275D26C1B5CD00B43C05 /* ReviewDetailsSection.swift in Sources */,
				340C1F8B26BDE0B400CAECEB /* ReviewModel.swift in Sources */,
				3484440326BF0A7C00232462 /* ReviewsError.swift in Sources */,
				340C1F8926BDE00600CAECEB /* Review.swift in Sources */,
				3420276526C1DB5200B43C05 /* GetFavoriteReviews.swift in Sources */,
				342192F826BF8A660097FA8A /* ReviewsListItemViewModel.swift in Sources */,
				340C1F7926BDCD6800CAECEB /* GetLastReviews.swift in Sources */,
				340C1F9926BDE86200CAECEB /* Data.swift in Sources */,
				3420275926C1AF8400B43C05 /* DateFormatters.swift in Sources */,
				3420276926C1E2AA00B43C05 /* GetReviewFavoriteStatus.swift in Sources */,
				340C1FA426BE2A8200CAECEB /* ReviewsViewModel.swift in Sources */,
				3420276126C1DAAC00B43C05 /* FavoriteReviewsScreen.swift in Sources */,
				3420276326C1DAE600B43C05 /* FavoriteReviewsViewModel.swift in Sources */,
				342DD57E26C07F8800F49676 /* SearchReviewsViewModel.swift in Sources */,
				342DD57826C0498E00F49676 /* ReviewTabView.swift in Sources */,
				340C1FA626BE2BEC00CAECEB /* ReviewsList.swift in Sources */,
				340C1F6B26BDC93000CAECEB /* ReviewsRepository.swift in Sources */,
				3420275426C1A80000B43C05 /* ReviewDetailsSectionHeader.swift in Sources */,
				342DD57C26C0740800F49676 /* SearchReviewsScreen.swift in Sources */,
				342DD57A26C0589E00F49676 /* SearchReviews.swift in Sources */,
				342192F626BF73870097FA8A /* ReviewsListItem.swift in Sources */,
				342DD58026C0824000F49676 /* SearchReviewsSearchBar.swift in Sources */,
				340C1F2726BDAE8700CAECEB /* EyeCriticApp.swift in Sources */,
				342192FA26BFA31A0097FA8A /* CircularProgress.swift in Sources */,
				3420275626C1A9FB00B43C05 /* ReviewDetailsViewModel.swift in Sources */,
				340C1F9626BDE7C100CAECEB /* ReviewsRepositoryImpl.swift in Sources */,
				340C1F6F26BDCA0300CAECEB /* API.swift in Sources */,
				340C1F8D26BDE0F800CAECEB /* ApiResult.swift in Sources */,
				3420277126C2043A00B43C05 /* Routes.swift in Sources */,
				340C1F3326BDAE8800CAECEB /* EyeCritic.xcdatamodeld in Sources */,
				3420275B26C1B4C600B43C05 /* Theme.swift in Sources */,
			);
			runOnlyForDeploymentPostprocessing = 0;
		};
		340C1F3526BDAE8800CAECEB /* Sources */ = {
			isa = PBXSourcesBuildPhase;
			buildActionMask = 2147483647;
			files = (
				340C1F9126BDE2D700CAECEB /* ReviewModelTest.swift in Sources */,
				340C1FA226BDEC0300CAECEB /* ReviewsRepositoryImplTest.swift in Sources */,
				340C1F7526BDCACD00CAECEB /* GetLastReviewsTest.swift in Sources */,
				340C1F3E26BDAE8800CAECEB /* EyeCriticTests.swift in Sources */,
			);
			runOnlyForDeploymentPostprocessing = 0;
		};
		340C1F4026BDAE8800CAECEB /* Sources */ = {
			isa = PBXSourcesBuildPhase;
			buildActionMask = 2147483647;
			files = (
				340C1F4926BDAE8800CAECEB /* EyeCriticUITests.swift in Sources */,
			);
			runOnlyForDeploymentPostprocessing = 0;
		};
/* End PBXSourcesBuildPhase section */

/* Begin PBXTargetDependency section */
		340C1F3B26BDAE8800CAECEB /* PBXTargetDependency */ = {
			isa = PBXTargetDependency;
			target = 340C1F2226BDAE8700CAECEB /* EyeCritic */;
			targetProxy = 340C1F3A26BDAE8800CAECEB /* PBXContainerItemProxy */;
		};
		340C1F4626BDAE8800CAECEB /* PBXTargetDependency */ = {
			isa = PBXTargetDependency;
			target = 340C1F2226BDAE8700CAECEB /* EyeCritic */;
			targetProxy = 340C1F4526BDAE8800CAECEB /* PBXContainerItemProxy */;
		};
/* End PBXTargetDependency section */

/* Begin XCBuildConfiguration section */
		340C1F4B26BDAE8800CAECEB /* Debug */ = {
			isa = XCBuildConfiguration;
			buildSettings = {
				ALWAYS_SEARCH_USER_PATHS = NO;
				CLANG_ANALYZER_NONNULL = YES;
				CLANG_ANALYZER_NUMBER_OBJECT_CONVERSION = YES_AGGRESSIVE;
				CLANG_CXX_LANGUAGE_STANDARD = "gnu++14";
				CLANG_CXX_LIBRARY = "libc++";
				CLANG_ENABLE_MODULES = YES;
				CLANG_ENABLE_OBJC_ARC = YES;
				CLANG_ENABLE_OBJC_WEAK = YES;
				CLANG_WARN_BLOCK_CAPTURE_AUTORELEASING = YES;
				CLANG_WARN_BOOL_CONVERSION = YES;
				CLANG_WARN_COMMA = YES;
				CLANG_WARN_CONSTANT_CONVERSION = YES;
				CLANG_WARN_DEPRECATED_OBJC_IMPLEMENTATIONS = YES;
				CLANG_WARN_DIRECT_OBJC_ISA_USAGE = YES_ERROR;
				CLANG_WARN_DOCUMENTATION_COMMENTS = YES;
				CLANG_WARN_EMPTY_BODY = YES;
				CLANG_WARN_ENUM_CONVERSION = YES;
				CLANG_WARN_INFINITE_RECURSION = YES;
				CLANG_WARN_INT_CONVERSION = YES;
				CLANG_WARN_NON_LITERAL_NULL_CONVERSION = YES;
				CLANG_WARN_OBJC_IMPLICIT_RETAIN_SELF = YES;
				CLANG_WARN_OBJC_LITERAL_CONVERSION = YES;
				CLANG_WARN_OBJC_ROOT_CLASS = YES_ERROR;
				CLANG_WARN_QUOTED_INCLUDE_IN_FRAMEWORK_HEADER = YES;
				CLANG_WARN_RANGE_LOOP_ANALYSIS = YES;
				CLANG_WARN_STRICT_PROTOTYPES = YES;
				CLANG_WARN_SUSPICIOUS_MOVE = YES;
				CLANG_WARN_UNGUARDED_AVAILABILITY = YES_AGGRESSIVE;
				CLANG_WARN_UNREACHABLE_CODE = YES;
				CLANG_WARN__DUPLICATE_METHOD_MATCH = YES;
				COPY_PHASE_STRIP = NO;
				DEBUG_INFORMATION_FORMAT = dwarf;
				ENABLE_STRICT_OBJC_MSGSEND = YES;
				ENABLE_TESTABILITY = YES;
				GCC_C_LANGUAGE_STANDARD = gnu11;
				GCC_DYNAMIC_NO_PIC = NO;
				GCC_NO_COMMON_BLOCKS = YES;
				GCC_OPTIMIZATION_LEVEL = 0;
				GCC_PREPROCESSOR_DEFINITIONS = (
					"DEBUG=1",
					"$(inherited)",
				);
				GCC_WARN_64_TO_32_BIT_CONVERSION = YES;
				GCC_WARN_ABOUT_RETURN_TYPE = YES_ERROR;
				GCC_WARN_UNDECLARED_SELECTOR = YES;
				GCC_WARN_UNINITIALIZED_AUTOS = YES_AGGRESSIVE;
				GCC_WARN_UNUSED_FUNCTION = YES;
				GCC_WARN_UNUSED_VARIABLE = YES;
				IPHONEOS_DEPLOYMENT_TARGET = 14.5;
				MTL_ENABLE_DEBUG_INFO = INCLUDE_SOURCE;
				MTL_FAST_MATH = YES;
				ONLY_ACTIVE_ARCH = YES;
				SDKROOT = iphoneos;
				SWIFT_ACTIVE_COMPILATION_CONDITIONS = DEBUG;
				SWIFT_OPTIMIZATION_LEVEL = "-Onone";
			};
			name = Debug;
		};
		340C1F4C26BDAE8800CAECEB /* Release */ = {
			isa = XCBuildConfiguration;
			buildSettings = {
				ALWAYS_SEARCH_USER_PATHS = NO;
				CLANG_ANALYZER_NONNULL = YES;
				CLANG_ANALYZER_NUMBER_OBJECT_CONVERSION = YES_AGGRESSIVE;
				CLANG_CXX_LANGUAGE_STANDARD = "gnu++14";
				CLANG_CXX_LIBRARY = "libc++";
				CLANG_ENABLE_MODULES = YES;
				CLANG_ENABLE_OBJC_ARC = YES;
				CLANG_ENABLE_OBJC_WEAK = YES;
				CLANG_WARN_BLOCK_CAPTURE_AUTORELEASING = YES;
				CLANG_WARN_BOOL_CONVERSION = YES;
				CLANG_WARN_COMMA = YES;
				CLANG_WARN_CONSTANT_CONVERSION = YES;
				CLANG_WARN_DEPRECATED_OBJC_IMPLEMENTATIONS = YES;
				CLANG_WARN_DIRECT_OBJC_ISA_USAGE = YES_ERROR;
				CLANG_WARN_DOCUMENTATION_COMMENTS = YES;
				CLANG_WARN_EMPTY_BODY = YES;
				CLANG_WARN_ENUM_CONVERSION = YES;
				CLANG_WARN_INFINITE_RECURSION = YES;
				CLANG_WARN_INT_CONVERSION = YES;
				CLANG_WARN_NON_LITERAL_NULL_CONVERSION = YES;
				CLANG_WARN_OBJC_IMPLICIT_RETAIN_SELF = YES;
				CLANG_WARN_OBJC_LITERAL_CONVERSION = YES;
				CLANG_WARN_OBJC_ROOT_CLASS = YES_ERROR;
				CLANG_WARN_QUOTED_INCLUDE_IN_FRAMEWORK_HEADER = YES;
				CLANG_WARN_RANGE_LOOP_ANALYSIS = YES;
				CLANG_WARN_STRICT_PROTOTYPES = YES;
				CLANG_WARN_SUSPICIOUS_MOVE = YES;
				CLANG_WARN_UNGUARDED_AVAILABILITY = YES_AGGRESSIVE;
				CLANG_WARN_UNREACHABLE_CODE = YES;
				CLANG_WARN__DUPLICATE_METHOD_MATCH = YES;
				COPY_PHASE_STRIP = NO;
				DEBUG_INFORMATION_FORMAT = "dwarf-with-dsym";
				ENABLE_NS_ASSERTIONS = NO;
				ENABLE_STRICT_OBJC_MSGSEND = YES;
				GCC_C_LANGUAGE_STANDARD = gnu11;
				GCC_NO_COMMON_BLOCKS = YES;
				GCC_WARN_64_TO_32_BIT_CONVERSION = YES;
				GCC_WARN_ABOUT_RETURN_TYPE = YES_ERROR;
				GCC_WARN_UNDECLARED_SELECTOR = YES;
				GCC_WARN_UNINITIALIZED_AUTOS = YES_AGGRESSIVE;
				GCC_WARN_UNUSED_FUNCTION = YES;
				GCC_WARN_UNUSED_VARIABLE = YES;
				IPHONEOS_DEPLOYMENT_TARGET = 14.5;
				MTL_ENABLE_DEBUG_INFO = NO;
				MTL_FAST_MATH = YES;
				SDKROOT = iphoneos;
				SWIFT_COMPILATION_MODE = wholemodule;
				SWIFT_OPTIMIZATION_LEVEL = "-O";
				VALIDATE_PRODUCT = YES;
			};
			name = Release;
		};
		340C1F4E26BDAE8800CAECEB /* Debug */ = {
			isa = XCBuildConfiguration;
			buildSettings = {
				ASSETCATALOG_COMPILER_APPICON_NAME = AppIcon;
				ASSETCATALOG_COMPILER_GLOBAL_ACCENT_COLOR_NAME = AccentColor;
				CODE_SIGN_STYLE = Automatic;
				DEVELOPMENT_ASSET_PATHS = "\"EyeCritic/Preview Content\"";
				ENABLE_PREVIEWS = YES;
				INFOPLIST_FILE = EyeCritic/Info.plist;
				IPHONEOS_DEPLOYMENT_TARGET = 14.0;
				LD_RUNPATH_SEARCH_PATHS = (
					"$(inherited)",
					"@executable_path/Frameworks",
				);
				PRODUCT_BUNDLE_IDENTIFIER = com.schwarz.pedro.EyeCritic;
				PRODUCT_NAME = "$(TARGET_NAME)";
				SWIFT_VERSION = 5.0;
				TARGETED_DEVICE_FAMILY = "1,2";
			};
			name = Debug;
		};
		340C1F4F26BDAE8800CAECEB /* Release */ = {
			isa = XCBuildConfiguration;
			buildSettings = {
				ASSETCATALOG_COMPILER_APPICON_NAME = AppIcon;
				ASSETCATALOG_COMPILER_GLOBAL_ACCENT_COLOR_NAME = AccentColor;
				CODE_SIGN_STYLE = Automatic;
				DEVELOPMENT_ASSET_PATHS = "\"EyeCritic/Preview Content\"";
				ENABLE_PREVIEWS = YES;
				INFOPLIST_FILE = EyeCritic/Info.plist;
				IPHONEOS_DEPLOYMENT_TARGET = 14.0;
				LD_RUNPATH_SEARCH_PATHS = (
					"$(inherited)",
					"@executable_path/Frameworks",
				);
				PRODUCT_BUNDLE_IDENTIFIER = com.schwarz.pedro.EyeCritic;
				PRODUCT_NAME = "$(TARGET_NAME)";
				SWIFT_VERSION = 5.0;
				TARGETED_DEVICE_FAMILY = "1,2";
			};
			name = Release;
		};
		340C1F5126BDAE8800CAECEB /* Debug */ = {
			isa = XCBuildConfiguration;
			buildSettings = {
				ALWAYS_EMBED_SWIFT_STANDARD_LIBRARIES = YES;
				BUNDLE_LOADER = "$(TEST_HOST)";
				CODE_SIGN_STYLE = Automatic;
				INFOPLIST_FILE = EyeCriticTests/Info.plist;
				IPHONEOS_DEPLOYMENT_TARGET = 14.0;
				LD_RUNPATH_SEARCH_PATHS = (
					"$(inherited)",
					"@executable_path/Frameworks",
					"@loader_path/Frameworks",
				);
				PRODUCT_BUNDLE_IDENTIFIER = com.schwarz.pedro.EyeCriticTests;
				PRODUCT_NAME = "$(TARGET_NAME)";
				SWIFT_VERSION = 5.0;
				TARGETED_DEVICE_FAMILY = "1,2";
				TEST_HOST = "$(BUILT_PRODUCTS_DIR)/EyeCritic.app/EyeCritic";
			};
			name = Debug;
		};
		340C1F5226BDAE8800CAECEB /* Release */ = {
			isa = XCBuildConfiguration;
			buildSettings = {
				ALWAYS_EMBED_SWIFT_STANDARD_LIBRARIES = YES;
				BUNDLE_LOADER = "$(TEST_HOST)";
				CODE_SIGN_STYLE = Automatic;
				INFOPLIST_FILE = EyeCriticTests/Info.plist;
				IPHONEOS_DEPLOYMENT_TARGET = 14.0;
				LD_RUNPATH_SEARCH_PATHS = (
					"$(inherited)",
					"@executable_path/Frameworks",
					"@loader_path/Frameworks",
				);
				PRODUCT_BUNDLE_IDENTIFIER = com.schwarz.pedro.EyeCriticTests;
				PRODUCT_NAME = "$(TARGET_NAME)";
				SWIFT_VERSION = 5.0;
				TARGETED_DEVICE_FAMILY = "1,2";
				TEST_HOST = "$(BUILT_PRODUCTS_DIR)/EyeCritic.app/EyeCritic";
			};
			name = Release;
		};
		340C1F5426BDAE8800CAECEB /* Debug */ = {
			isa = XCBuildConfiguration;
			buildSettings = {
				ALWAYS_EMBED_SWIFT_STANDARD_LIBRARIES = YES;
				CODE_SIGN_STYLE = Automatic;
				INFOPLIST_FILE = EyeCriticUITests/Info.plist;
				LD_RUNPATH_SEARCH_PATHS = (
					"$(inherited)",
					"@executable_path/Frameworks",
					"@loader_path/Frameworks",
				);
				PRODUCT_BUNDLE_IDENTIFIER = com.schwarz.pedro.EyeCriticUITests;
				PRODUCT_NAME = "$(TARGET_NAME)";
				SWIFT_VERSION = 5.0;
				TARGETED_DEVICE_FAMILY = "1,2";
				TEST_TARGET_NAME = EyeCritic;
			};
			name = Debug;
		};
		340C1F5526BDAE8800CAECEB /* Release */ = {
			isa = XCBuildConfiguration;
			buildSettings = {
				ALWAYS_EMBED_SWIFT_STANDARD_LIBRARIES = YES;
				CODE_SIGN_STYLE = Automatic;
				INFOPLIST_FILE = EyeCriticUITests/Info.plist;
				LD_RUNPATH_SEARCH_PATHS = (
					"$(inherited)",
					"@executable_path/Frameworks",
					"@loader_path/Frameworks",
				);
				PRODUCT_BUNDLE_IDENTIFIER = com.schwarz.pedro.EyeCriticUITests;
				PRODUCT_NAME = "$(TARGET_NAME)";
				SWIFT_VERSION = 5.0;
				TARGETED_DEVICE_FAMILY = "1,2";
				TEST_TARGET_NAME = EyeCritic;
			};
			name = Release;
		};
/* End XCBuildConfiguration section */

/* Begin XCConfigurationList section */
		340C1F1E26BDAE8700CAECEB /* Build configuration list for PBXProject "EyeCritic" */ = {
			isa = XCConfigurationList;
			buildConfigurations = (
				340C1F4B26BDAE8800CAECEB /* Debug */,
				340C1F4C26BDAE8800CAECEB /* Release */,
			);
			defaultConfigurationIsVisible = 0;
			defaultConfigurationName = Release;
		};
		340C1F4D26BDAE8800CAECEB /* Build configuration list for PBXNativeTarget "EyeCritic" */ = {
			isa = XCConfigurationList;
			buildConfigurations = (
				340C1F4E26BDAE8800CAECEB /* Debug */,
				340C1F4F26BDAE8800CAECEB /* Release */,
			);
			defaultConfigurationIsVisible = 0;
			defaultConfigurationName = Release;
		};
		340C1F5026BDAE8800CAECEB /* Build configuration list for PBXNativeTarget "EyeCriticTests" */ = {
			isa = XCConfigurationList;
			buildConfigurations = (
				340C1F5126BDAE8800CAECEB /* Debug */,
				340C1F5226BDAE8800CAECEB /* Release */,
			);
			defaultConfigurationIsVisible = 0;
			defaultConfigurationName = Release;
		};
		340C1F5326BDAE8800CAECEB /* Build configuration list for PBXNativeTarget "EyeCriticUITests" */ = {
			isa = XCConfigurationList;
			buildConfigurations = (
				340C1F5426BDAE8800CAECEB /* Debug */,
				340C1F5526BDAE8800CAECEB /* Release */,
			);
			defaultConfigurationIsVisible = 0;
			defaultConfigurationName = Release;
		};
/* End XCConfigurationList section */

/* Begin XCRemoteSwiftPackageReference section */
		340C1F6726BDC81600CAECEB /* XCRemoteSwiftPackageReference "Alamofire" */ = {
			isa = XCRemoteSwiftPackageReference;
			repositoryURL = "https://github.com/Alamofire/Alamofire.git";
			requirement = {
				kind = upToNextMajorVersion;
				minimumVersion = 5.4.3;
			};
		};
		348443F926BEF52400232462 /* XCRemoteSwiftPackageReference "Swinject" */ = {
			isa = XCRemoteSwiftPackageReference;
			repositoryURL = "https://github.com/Swinject/Swinject.git";
			requirement = {
				kind = upToNextMajorVersion;
				minimumVersion = 2.7.1;
			};
		};
/* End XCRemoteSwiftPackageReference section */

/* Begin XCSwiftPackageProductDependency section */
		340C1F6826BDC81600CAECEB /* Alamofire */ = {
			isa = XCSwiftPackageProductDependency;
			package = 340C1F6726BDC81600CAECEB /* XCRemoteSwiftPackageReference "Alamofire" */;
			productName = Alamofire;
		};
		348443FA26BEF52400232462 /* Swinject */ = {
			isa = XCSwiftPackageProductDependency;
			package = 348443F926BEF52400232462 /* XCRemoteSwiftPackageReference "Swinject" */;
			productName = Swinject;
		};
/* End XCSwiftPackageProductDependency section */

/* Begin XCVersionGroup section */
		340C1F3126BDAE8800CAECEB /* EyeCritic.xcdatamodeld */ = {
			isa = XCVersionGroup;
			children = (
				340C1F3226BDAE8800CAECEB /* EyeCritic.xcdatamodel */,
			);
			currentVersion = 340C1F3226BDAE8800CAECEB /* EyeCritic.xcdatamodel */;
			path = EyeCritic.xcdatamodeld;
			sourceTree = "<group>";
			versionGroupType = wrapper.xcdatamodel;
		};
/* End XCVersionGroup section */
	};
	rootObject = 340C1F1B26BDAE8700CAECEB /* Project object */;
}
